{
  "name": "rustlanges-page",
  "version": "1.0.0",
  "lockfileVersion": 3,
  "requires": true,
  "packages": {
    "": {
      "name": "rustlanges-page",
      "version": "1.0.0",
      "hasInstallScript": true,
      "license": "MIT",
      "dependencies": {
        "@rustlanges/styles": "^0.0.1"
      }
    },
    "node_modules/@rustlanges/styles": {
      "version": "0.0.1",
      "resolved": "https://registry.npmjs.org/@rustlanges/styles/-/styles-0.0.1.tgz",
      "integrity": "sha512-2Ss3kZ+bQvg8VAKd3Q92Wrs81GChFnWr9RKBDtVUlsluRXNtviECvJjS/CpNmVQY3N6e65LFufNJ618psEF0zg==",
      "peerDependencies": {
        "tailwindcss": "^4.1.8"
      }
    },
    "node_modules/tailwindcss": {
      "version": "4.1.12",
      "resolved": "https://registry.npmjs.org/tailwindcss/-/tailwindcss-4.1.12.tgz",
      "integrity": "sha512-DzFtxOi+7NsFf7DBtI3BJsynR+0Yp6etH+nRPTbpWnS2pZBaSksv/JGctNwSWzbFjp0vxSqknaUylseZqMDGrA==",
      "license": "MIT",
      "peer": true
    }
  }
}
