lockfileVersion: '9.0'

settings:
  autoInstallPeers: true
  excludeLinksFromLockfile: false

importers:

  .:
    dependencies:
      '@rustlanges/styles':
        specifier: file:../design-system-components/styles
        version: file:../design-system-components/styles(tailwindcss@4.3.3)
    devDependencies:
      tailwindcss:
        specifier: ^4.3.1
        version: 4.3.3

packages:

  '@rustlanges/styles@file:../design-system-components/styles':
    resolution: {directory: ../design-system-components/styles, type: directory}
    peerDependencies:
      tailwindcss: ^4.3.3

  tailwindcss@4.3.3:
    resolution: {integrity: sha512-gOhV3P7ufE62QDGg1zVaTgCR+EtPv92k2nIhVcVKcLmxT1sUBsQGhnZj175j+MqRt4zLF7ic+sCYjfhxMxj7YQ==}

snapshots:

  '@rustlanges/styles@file:../design-system-components/styles(tailwindcss@4.3.3)':
    dependencies:
      tailwindcss: 4.3.3

  tailwindcss@4.3.3: {}
